
Microsoft Visual Studio Solution File, Format Version 12.00
# Visual Studio Version 17
VisualStudioVersion = 17.0.32112.339
MinimumVisualStudioVersion = 10.0.40219.1
Project("{2150E333-8FDC-42A3-9474-1A3956D46DE8}") = "Nucleo", "Nucleo", "{ED32D11F-3646-46E3-905E-462ED77BF589}"
EndProject
Project("{9A19103F-16F7-4668-BE54-9A1E7A4F7556}") = "Nucleo", "Nucleo\Nucleo.csproj", "{A874315A-EB2D-4A75-8249-59249B147338}"
EndProject
Project("{2150E333-8FDC-42A3-9474-1A3956D46DE8}") = "BBDD", "BBDD", "{F332D4EB-5956-49D9-ACE0-B7F065E6032E}"
	ProjectSection(SolutionItems) = preProject
		DonacionesContext.cs = DonacionesContext.cs
	EndProjectSection
EndProject
Global
	GlobalSection(SolutionConfigurationPlatforms) = preSolution
		Debug|Any CPU = Debug|Any CPU
		Release|Any CPU = Release|Any CPU
	EndGlobalSection
	GlobalSection(ProjectConfigurationPlatforms) = postSolution
		{A874315A-EB2D-4A75-8249-59249B147338}.Debug|Any CPU.ActiveCfg = Debug|Any CPU
		{A874315A-EB2D-4A75-8249-59249B147338}.Debug|Any CPU.Build.0 = Debug|Any CPU
		{A874315A-EB2D-4A75-8249-59249B147338}.Release|Any CPU.ActiveCfg = Release|Any CPU
		{A874315A-EB2D-4A75-8249-59249B147338}.Release|Any CPU.Build.0 = Release|Any CPU
	EndGlobalSection
	GlobalSection(SolutionProperties) = preSolution
		HideSolutionNode = FALSE
	EndGlobalSection
	GlobalSection(NestedProjects) = preSolution
		{A874315A-EB2D-4A75-8249-59249B147338} = {ED32D11F-3646-46E3-905E-462ED77BF589}
		{F332D4EB-5956-49D9-ACE0-B7F065E6032E} = {ED32D11F-3646-46E3-905E-462ED77BF589}
	EndGlobalSection
	GlobalSection(ExtensibilityGlobals) = postSolution
		SolutionGuid = {B0F2FE2B-29C0-4209-9BBC-C31287450938}
	EndGlobalSection
EndGlobal
